
Microsoft Visual Studio Solution File, Format Version 12.00
# Visual Studio Version 17
VisualStudioVersion = 17.4.33403.182
MinimumVisualStudioVersion = 10.0.40219.1
Project("{2150E333-8FDC-42A3-9474-1A3956D46DE8}") = "src", "src", "{4E9F5ECE-A4A5-4E68-BB6B-504E2707662D}"
EndProject
Project("{2150E333-8FDC-42A3-9474-1A3956D46DE8}") = "tests", "tests", "{5F058612-9645-4A85-8F93-67CD9239B71E}"
EndProject
Project("{2150E333-8FDC-42A3-9474-1A3956D46DE8}") = "CorePackages", "CorePackages", "{E0B57F88-AF50-4C9D-A69C-71F655CE0DDA}"
EndProject
Project("{2150E333-8FDC-42A3-9474-1A3956D46DE8}") = "TodoApp", "TodoApp", "{527B92DF-CFAF-4B9F-8469-E166A72C4DCC}"
EndProject
Project("{9A19103F-16F7-4668-BE54-9A1E7A4F7556}") = "Core.Application", "src\corePackages\Core.Application\Core.Application.csproj", "{F5EF95B7-CBE8-483A-8412-284DC4D00D47}"
EndProject
Project("{9A19103F-16F7-4668-BE54-9A1E7A4F7556}") = "Core.Persistence", "src\corePackages\Core.Persistence\Core.Persistence.csproj", "{878E3E66-B779-4B57-8F68-84437674DBD1}"
EndProject
Project("{9A19103F-16F7-4668-BE54-9A1E7A4F7556}") = "Core.CrossCuttingConcerns", "src\corePackages\Core.CrossCuttingConcerns\Core.CrossCuttingConcerns.csproj", "{589313EC-8388-4BC6-8D85-3CC016FF7D56}"
EndProject
Project("{9A19103F-16F7-4668-BE54-9A1E7A4F7556}") = "Core.Domain", "src\corePackages\Core.Domain\Core.Domain.csproj", "{057D9289-489D-4BB0-8F5A-41898E8A9AF5}"
EndProject
Project("{9A19103F-16F7-4668-BE54-9A1E7A4F7556}") = "TodoApp.Application", "src\todoApp\TodoApp.Application\TodoApp.Application.csproj", "{49724DF3-AA98-4F86-B569-F2FF6E130B4B}"
EndProject
Project("{9A19103F-16F7-4668-BE54-9A1E7A4F7556}") = "TodoApp.Domain", "src\todoApp\TodoApp.Domain\TodoApp.Domain.csproj", "{2268D8AC-C110-41E9-A9C9-ADB6CCCFDA0C}"
EndProject
Project("{9A19103F-16F7-4668-BE54-9A1E7A4F7556}") = "TodoApp.Infrastructure", "src\todoApp\TodoApp.Infrastructure\TodoApp.Infrastructure.csproj", "{23954190-4713-49E4-83D2-F4BB4A458BD8}"
EndProject
Project("{9A19103F-16F7-4668-BE54-9A1E7A4F7556}") = "TodoApp.Persistence", "src\todoApp\TodoApp.Persistence\TodoApp.Persistence.csproj", "{992CB766-D7CF-45C8-A6E6-3CF53DB683D6}"
EndProject
Project("{9A19103F-16F7-4668-BE54-9A1E7A4F7556}") = "Core.Security", "src\corePackages\Core.Security\Core.Security.csproj", "{11A20931-4305-431A-A04A-58FE0FD09045}"
EndProject
Project("{2150E333-8FDC-42A3-9474-1A3956D46DE8}") = "EventBus", "EventBus", "{DFE5D74E-A4E9-481B-889E-B3615AC15238}"
EndProject
Project("{2150E333-8FDC-42A3-9474-1A3956D46DE8}") = "ApiGateways", "ApiGateways", "{C2830938-164D-4343-ACCC-F6643D3564E8}"
EndProject
Project("{9A19103F-16F7-4668-BE54-9A1E7A4F7556}") = "Web.ApiGateway", "src\apiGateways\Web.ApiGateway\Web.ApiGateway.csproj", "{B950CE02-CE7C-490A-8398-EF21A45C6014}"
EndProject
Project("{9A19103F-16F7-4668-BE54-9A1E7A4F7556}") = "TodoApp.ReadApi", "src\todoApp\TodoApp.ReadApi\TodoApp.ReadApi.csproj", "{0F821ACF-B354-4B74-9FB0-39EFF62FBD25}"
EndProject
Project("{9A19103F-16F7-4668-BE54-9A1E7A4F7556}") = "TodoApp.WriteApi", "src\todoApp\TodoApp.WriteApi\TodoApp.WriteApi.csproj", "{3A7FA15A-551B-412E-BDC5-BEA0178AFDD5}"
EndProject
Project("{2150E333-8FDC-42A3-9474-1A3956D46DE8}") = "Identity", "Identity", "{2D27FEA9-28F9-46F2-9028-65AE95B05941}"
EndProject
Project("{2150E333-8FDC-42A3-9474-1A3956D46DE8}") = "Admin", "Admin", "{605581EF-B615-4406-BBE5-71AD09907BA7}"
EndProject
Project("{9A19103F-16F7-4668-BE54-9A1E7A4F7556}") = "Admin.Api", "src\Admin\Admin.Api\Admin.Api.csproj", "{57E84B09-276C-4652-A8EC-1FBF649AC3E9}"
EndProject
Project("{9A19103F-16F7-4668-BE54-9A1E7A4F7556}") = "Identity.Api", "src\Identity\Identity.Api\Identity.Api.csproj", "{085EAB34-7FD3-4C9F-8370-1C5A3EF42A55}"
EndProject
Global
	GlobalSection(SolutionConfigurationPlatforms) = preSolution
		Debug|Any CPU = Debug|Any CPU
		Debug|x64 = Debug|x64
		Release|Any CPU = Release|Any CPU
		Release|x64 = Release|x64
	EndGlobalSection
	GlobalSection(ProjectConfigurationPlatforms) = postSolution
		{F5EF95B7-CBE8-483A-8412-284DC4D00D47}.Debug|Any CPU.ActiveCfg = Debug|Any CPU
		{F5EF95B7-CBE8-483A-8412-284DC4D00D47}.Debug|Any CPU.Build.0 = Debug|Any CPU
		{F5EF95B7-CBE8-483A-8412-284DC4D00D47}.Debug|x64.ActiveCfg = Debug|Any CPU
		{F5EF95B7-CBE8-483A-8412-284DC4D00D47}.Debug|x64.Build.0 = Debug|Any CPU
		{F5EF95B7-CBE8-483A-8412-284DC4D00D47}.Release|Any CPU.ActiveCfg = Release|Any CPU
		{F5EF95B7-CBE8-483A-8412-284DC4D00D47}.Release|Any CPU.Build.0 = Release|Any CPU
		{F5EF95B7-CBE8-483A-8412-284DC4D00D47}.Release|x64.ActiveCfg = Release|Any CPU
		{F5EF95B7-CBE8-483A-8412-284DC4D00D47}.Release|x64.Build.0 = Release|Any CPU
		{878E3E66-B779-4B57-8F68-84437674DBD1}.Debug|Any CPU.ActiveCfg = Debug|Any CPU
		{878E3E66-B779-4B57-8F68-84437674DBD1}.Debug|Any CPU.Build.0 = Debug|Any CPU
		{878E3E66-B779-4B57-8F68-84437674DBD1}.Debug|x64.ActiveCfg = Debug|Any CPU
		{878E3E66-B779-4B57-8F68-84437674DBD1}.Debug|x64.Build.0 = Debug|Any CPU
		{878E3E66-B779-4B57-8F68-84437674DBD1}.Release|Any CPU.ActiveCfg = Release|Any CPU
		{878E3E66-B779-4B57-8F68-84437674DBD1}.Release|Any CPU.Build.0 = Release|Any CPU
		{878E3E66-B779-4B57-8F68-84437674DBD1}.Release|x64.ActiveCfg = Release|Any CPU
		{878E3E66-B779-4B57-8F68-84437674DBD1}.Release|x64.Build.0 = Release|Any CPU
		{589313EC-8388-4BC6-8D85-3CC016FF7D56}.Debug|Any CPU.ActiveCfg = Debug|Any CPU
		{589313EC-8388-4BC6-8D85-3CC016FF7D56}.Debug|Any CPU.Build.0 = Debug|Any CPU
		{589313EC-8388-4BC6-8D85-3CC016FF7D56}.Debug|x64.ActiveCfg = Debug|Any CPU
		{589313EC-8388-4BC6-8D85-3CC016FF7D56}.Debug|x64.Build.0 = Debug|Any CPU
		{589313EC-8388-4BC6-8D85-3CC016FF7D56}.Release|Any CPU.ActiveCfg = Release|Any CPU
		{589313EC-8388-4BC6-8D85-3CC016FF7D56}.Release|Any CPU.Build.0 = Release|Any CPU
		{589313EC-8388-4BC6-8D85-3CC016FF7D56}.Release|x64.ActiveCfg = Release|Any CPU
		{589313EC-8388-4BC6-8D85-3CC016FF7D56}.Release|x64.Build.0 = Release|Any CPU
		{057D9289-489D-4BB0-8F5A-41898E8A9AF5}.Debug|Any CPU.ActiveCfg = Debug|Any CPU
		{057D9289-489D-4BB0-8F5A-41898E8A9AF5}.Debug|Any CPU.Build.0 = Debug|Any CPU
		{057D9289-489D-4BB0-8F5A-41898E8A9AF5}.Debug|x64.ActiveCfg = Debug|Any CPU
		{057D9289-489D-4BB0-8F5A-41898E8A9AF5}.Debug|x64.Build.0 = Debug|Any CPU
		{057D9289-489D-4BB0-8F5A-41898E8A9AF5}.Release|Any CPU.ActiveCfg = Release|Any CPU
		{057D9289-489D-4BB0-8F5A-41898E8A9AF5}.Release|Any CPU.Build.0 = Release|Any CPU
		{057D9289-489D-4BB0-8F5A-41898E8A9AF5}.Release|x64.ActiveCfg = Release|Any CPU
		{057D9289-489D-4BB0-8F5A-41898E8A9AF5}.Release|x64.Build.0 = Release|Any CPU
		{49724DF3-AA98-4F86-B569-F2FF6E130B4B}.Debug|Any CPU.ActiveCfg = Debug|Any CPU
		{49724DF3-AA98-4F86-B569-F2FF6E130B4B}.Debug|Any CPU.Build.0 = Debug|Any CPU
		{49724DF3-AA98-4F86-B569-F2FF6E130B4B}.Debug|x64.ActiveCfg = Debug|Any CPU
		{49724DF3-AA98-4F86-B569-F2FF6E130B4B}.Debug|x64.Build.0 = Debug|Any CPU
		{49724DF3-AA98-4F86-B569-F2FF6E130B4B}.Release|Any CPU.ActiveCfg = Release|Any CPU
		{49724DF3-AA98-4F86-B569-F2FF6E130B4B}.Release|Any CPU.Build.0 = Release|Any CPU
		{49724DF3-AA98-4F86-B569-F2FF6E130B4B}.Release|x64.ActiveCfg = Release|Any CPU
		{49724DF3-AA98-4F86-B569-F2FF6E130B4B}.Release|x64.Build.0 = Release|Any CPU
		{2268D8AC-C110-41E9-A9C9-ADB6CCCFDA0C}.Debug|Any CPU.ActiveCfg = Debug|Any CPU
		{2268D8AC-C110-41E9-A9C9-ADB6CCCFDA0C}.Debug|Any CPU.Build.0 = Debug|Any CPU
		{2268D8AC-C110-41E9-A9C9-ADB6CCCFDA0C}.Debug|x64.ActiveCfg = Debug|Any CPU
		{2268D8AC-C110-41E9-A9C9-ADB6CCCFDA0C}.Debug|x64.Build.0 = Debug|Any CPU
		{2268D8AC-C110-41E9-A9C9-ADB6CCCFDA0C}.Release|Any CPU.ActiveCfg = Release|Any CPU
		{2268D8AC-C110-41E9-A9C9-ADB6CCCFDA0C}.Release|Any CPU.Build.0 = Release|Any CPU
		{2268D8AC-C110-41E9-A9C9-ADB6CCCFDA0C}.Release|x64.ActiveCfg = Release|Any CPU
		{2268D8AC-C110-41E9-A9C9-ADB6CCCFDA0C}.Release|x64.Build.0 = Release|Any CPU
		{23954190-4713-49E4-83D2-F4BB4A458BD8}.Debug|Any CPU.ActiveCfg = Debug|Any CPU
		{23954190-4713-49E4-83D2-F4BB4A458BD8}.Debug|Any CPU.Build.0 = Debug|Any CPU
		{23954190-4713-49E4-83D2-F4BB4A458BD8}.Debug|x64.ActiveCfg = Debug|Any CPU
		{23954190-4713-49E4-83D2-F4BB4A458BD8}.Debug|x64.Build.0 = Debug|Any CPU
		{23954190-4713-49E4-83D2-F4BB4A458BD8}.Release|Any CPU.ActiveCfg = Release|Any CPU
		{23954190-4713-49E4-83D2-F4BB4A458BD8}.Release|Any CPU.Build.0 = Release|Any CPU
		{23954190-4713-49E4-83D2-F4BB4A458BD8}.Release|x64.ActiveCfg = Release|Any CPU
		{23954190-4713-49E4-83D2-F4BB4A458BD8}.Release|x64.Build.0 = Release|Any CPU
		{992CB766-D7CF-45C8-A6E6-3CF53DB683D6}.Debug|Any CPU.ActiveCfg = Debug|Any CPU
		{992CB766-D7CF-45C8-A6E6-3CF53DB683D6}.Debug|Any CPU.Build.0 = Debug|Any CPU
		{992CB766-D7CF-45C8-A6E6-3CF53DB683D6}.Debug|x64.ActiveCfg = Debug|Any CPU
		{992CB766-D7CF-45C8-A6E6-3CF53DB683D6}.Debug|x64.Build.0 = Debug|Any CPU
		{992CB766-D7CF-45C8-A6E6-3CF53DB683D6}.Release|Any CPU.ActiveCfg = Release|Any CPU
		{992CB766-D7CF-45C8-A6E6-3CF53DB683D6}.Release|Any CPU.Build.0 = Release|Any CPU
		{992CB766-D7CF-45C8-A6E6-3CF53DB683D6}.Release|x64.ActiveCfg = Release|Any CPU
		{992CB766-D7CF-45C8-A6E6-3CF53DB683D6}.Release|x64.Build.0 = Release|Any CPU
		{11A20931-4305-431A-A04A-58FE0FD09045}.Debug|Any CPU.ActiveCfg = Debug|Any CPU
		{11A20931-4305-431A-A04A-58FE0FD09045}.Debug|Any CPU.Build.0 = Debug|Any CPU
		{11A20931-4305-431A-A04A-58FE0FD09045}.Debug|x64.ActiveCfg = Debug|Any CPU
		{11A20931-4305-431A-A04A-58FE0FD09045}.Debug|x64.Build.0 = Debug|Any CPU
		{11A20931-4305-431A-A04A-58FE0FD09045}.Release|Any CPU.ActiveCfg = Release|Any CPU
		{11A20931-4305-431A-A04A-58FE0FD09045}.Release|Any CPU.Build.0 = Release|Any CPU
		{11A20931-4305-431A-A04A-58FE0FD09045}.Release|x64.ActiveCfg = Release|Any CPU
		{11A20931-4305-431A-A04A-58FE0FD09045}.Release|x64.Build.0 = Release|Any CPU
		{B950CE02-CE7C-490A-8398-EF21A45C6014}.Debug|Any CPU.ActiveCfg = Debug|Any CPU
		{B950CE02-CE7C-490A-8398-EF21A45C6014}.Debug|Any CPU.Build.0 = Debug|Any CPU
		{B950CE02-CE7C-490A-8398-EF21A45C6014}.Debug|x64.ActiveCfg = Debug|Any CPU
		{B950CE02-CE7C-490A-8398-EF21A45C6014}.Debug|x64.Build.0 = Debug|Any CPU
		{B950CE02-CE7C-490A-8398-EF21A45C6014}.Release|Any CPU.ActiveCfg = Release|Any CPU
		{B950CE02-CE7C-490A-8398-EF21A45C6014}.Release|Any CPU.Build.0 = Release|Any CPU
		{B950CE02-CE7C-490A-8398-EF21A45C6014}.Release|x64.ActiveCfg = Release|Any CPU
		{B950CE02-CE7C-490A-8398-EF21A45C6014}.Release|x64.Build.0 = Release|Any CPU
		{0F821ACF-B354-4B74-9FB0-39EFF62FBD25}.Debug|Any CPU.ActiveCfg = Debug|Any CPU
		{0F821ACF-B354-4B74-9FB0-39EFF62FBD25}.Debug|Any CPU.Build.0 = Debug|Any CPU
		{0F821ACF-B354-4B74-9FB0-39EFF62FBD25}.Debug|x64.ActiveCfg = Debug|Any CPU
		{0F821ACF-B354-4B74-9FB0-39EFF62FBD25}.Debug|x64.Build.0 = Debug|Any CPU
		{0F821ACF-B354-4B74-9FB0-39EFF62FBD25}.Release|Any CPU.ActiveCfg = Release|Any CPU
		{0F821ACF-B354-4B74-9FB0-39EFF62FBD25}.Release|Any CPU.Build.0 = Release|Any CPU
		{0F821ACF-B354-4B74-9FB0-39EFF62FBD25}.Release|x64.ActiveCfg = Release|Any CPU
		{0F821ACF-B354-4B74-9FB0-39EFF62FBD25}.Release|x64.Build.0 = Release|Any CPU
		{3A7FA15A-551B-412E-BDC5-BEA0178AFDD5}.Debug|Any CPU.ActiveCfg = Debug|Any CPU
		{3A7FA15A-551B-412E-BDC5-BEA0178AFDD5}.Debug|Any CPU.Build.0 = Debug|Any CPU
		{3A7FA15A-551B-412E-BDC5-BEA0178AFDD5}.Debug|x64.ActiveCfg = Debug|Any CPU
		{3A7FA15A-551B-412E-BDC5-BEA0178AFDD5}.Debug|x64.Build.0 = Debug|Any CPU
		{3A7FA15A-551B-412E-BDC5-BEA0178AFDD5}.Release|Any CPU.ActiveCfg = Release|Any CPU
		{3A7FA15A-551B-412E-BDC5-BEA0178AFDD5}.Release|Any CPU.Build.0 = Release|Any CPU
		{3A7FA15A-551B-412E-BDC5-BEA0178AFDD5}.Release|x64.ActiveCfg = Release|Any CPU
		{3A7FA15A-551B-412E-BDC5-BEA0178AFDD5}.Release|x64.Build.0 = Release|Any CPU
		{57E84B09-276C-4652-A8EC-1FBF649AC3E9}.Debug|Any CPU.ActiveCfg = Debug|Any CPU
		{57E84B09-276C-4652-A8EC-1FBF649AC3E9}.Debug|Any CPU.Build.0 = Debug|Any CPU
		{57E84B09-276C-4652-A8EC-1FBF649AC3E9}.Debug|x64.ActiveCfg = Debug|Any CPU
		{57E84B09-276C-4652-A8EC-1FBF649AC3E9}.Debug|x64.Build.0 = Debug|Any CPU
		{57E84B09-276C-4652-A8EC-1FBF649AC3E9}.Release|Any CPU.ActiveCfg = Release|Any CPU
		{57E84B09-276C-4652-A8EC-1FBF649AC3E9}.Release|Any CPU.Build.0 = Release|Any CPU
		{57E84B09-276C-4652-A8EC-1FBF649AC3E9}.Release|x64.ActiveCfg = Release|Any CPU
		{57E84B09-276C-4652-A8EC-1FBF649AC3E9}.Release|x64.Build.0 = Release|Any CPU
		{085EAB34-7FD3-4C9F-8370-1C5A3EF42A55}.Debug|Any CPU.ActiveCfg = Debug|Any CPU
		{085EAB34-7FD3-4C9F-8370-1C5A3EF42A55}.Debug|Any CPU.Build.0 = Debug|Any CPU
		{085EAB34-7FD3-4C9F-8370-1C5A3EF42A55}.Debug|x64.ActiveCfg = Debug|Any CPU
		{085EAB34-7FD3-4C9F-8370-1C5A3EF42A55}.Debug|x64.Build.0 = Debug|Any CPU
		{085EAB34-7FD3-4C9F-8370-1C5A3EF42A55}.Release|Any CPU.ActiveCfg = Release|Any CPU
		{085EAB34-7FD3-4C9F-8370-1C5A3EF42A55}.Release|Any CPU.Build.0 = Release|Any CPU
		{085EAB34-7FD3-4C9F-8370-1C5A3EF42A55}.Release|x64.ActiveCfg = Release|Any CPU
		{085EAB34-7FD3-4C9F-8370-1C5A3EF42A55}.Release|x64.Build.0 = Release|Any CPU
	EndGlobalSection
	GlobalSection(SolutionProperties) = preSolution
		HideSolutionNode = FALSE
	EndGlobalSection
	GlobalSection(NestedProjects) = preSolution
		{E0B57F88-AF50-4C9D-A69C-71F655CE0DDA} = {4E9F5ECE-A4A5-4E68-BB6B-504E2707662D}
		{527B92DF-CFAF-4B9F-8469-E166A72C4DCC} = {4E9F5ECE-A4A5-4E68-BB6B-504E2707662D}
		{F5EF95B7-CBE8-483A-8412-284DC4D00D47} = {E0B57F88-AF50-4C9D-A69C-71F655CE0DDA}
		{878E3E66-B779-4B57-8F68-84437674DBD1} = {E0B57F88-AF50-4C9D-A69C-71F655CE0DDA}
		{589313EC-8388-4BC6-8D85-3CC016FF7D56} = {E0B57F88-AF50-4C9D-A69C-71F655CE0DDA}
		{057D9289-489D-4BB0-8F5A-41898E8A9AF5} = {E0B57F88-AF50-4C9D-A69C-71F655CE0DDA}
		{49724DF3-AA98-4F86-B569-F2FF6E130B4B} = {527B92DF-CFAF-4B9F-8469-E166A72C4DCC}
		{2268D8AC-C110-41E9-A9C9-ADB6CCCFDA0C} = {527B92DF-CFAF-4B9F-8469-E166A72C4DCC}
		{23954190-4713-49E4-83D2-F4BB4A458BD8} = {527B92DF-CFAF-4B9F-8469-E166A72C4DCC}
		{992CB766-D7CF-45C8-A6E6-3CF53DB683D6} = {527B92DF-CFAF-4B9F-8469-E166A72C4DCC}
		{11A20931-4305-431A-A04A-58FE0FD09045} = {E0B57F88-AF50-4C9D-A69C-71F655CE0DDA}
		{DFE5D74E-A4E9-481B-889E-B3615AC15238} = {4E9F5ECE-A4A5-4E68-BB6B-504E2707662D}
		{C2830938-164D-4343-ACCC-F6643D3564E8} = {4E9F5ECE-A4A5-4E68-BB6B-504E2707662D}
		{B950CE02-CE7C-490A-8398-EF21A45C6014} = {C2830938-164D-4343-ACCC-F6643D3564E8}
		{0F821ACF-B354-4B74-9FB0-39EFF62FBD25} = {527B92DF-CFAF-4B9F-8469-E166A72C4DCC}
		{3A7FA15A-551B-412E-BDC5-BEA0178AFDD5} = {527B92DF-CFAF-4B9F-8469-E166A72C4DCC}
		{2D27FEA9-28F9-46F2-9028-65AE95B05941} = {4E9F5ECE-A4A5-4E68-BB6B-504E2707662D}
		{605581EF-B615-4406-BBE5-71AD09907BA7} = {4E9F5ECE-A4A5-4E68-BB6B-504E2707662D}
		{57E84B09-276C-4652-A8EC-1FBF649AC3E9} = {605581EF-B615-4406-BBE5-71AD09907BA7}
		{085EAB34-7FD3-4C9F-8370-1C5A3EF42A55} = {2D27FEA9-28F9-46F2-9028-65AE95B05941}
	EndGlobalSection
	GlobalSection(ExtensibilityGlobals) = postSolution
		SolutionGuid = {EF953094-53AF-4CC7-B447-5519299741C8}
	EndGlobalSection
EndGlobal
